Microsoft Visual Studio Solution File, Format Version 12.00
# Visual Studio Version 17
VisualStudioVersion = 17.0.31903.59
MinimumVisualStudioVersion = 10.0.40219.1
Project("{FAE04EC0-301F-11D3-BF4B-00C04F79EFBC}") = "GymManagement.Web", "src\GymManagement.Web\GymManagement.Web.csproj", "{5C57C69A-2A22-4AAF-B21F-01A2FE8901B1}"
EndProject
Project("{FAE04EC0-301F-11D3-BF4B-00C04F79EFBC}") = "GymManagement.Tests", "tests\GymManagement.Tests\GymManagement.Tests.csproj", "{70DD32E3-2ED6-4320-B4DB-8CA1C3C3770D}"
EndProject
Global
	GlobalSection(SolutionConfigurationPlatforms) = preSolution
		Debug|Any CPU = Debug|Any CPU
		Release|Any CPU = Release|Any CPU
	EndGlobalSection
	GlobalSection(ProjectConfigurationPlatforms) = postSolution
		{5C57C69A-2A22-4AAF-B21F-01A2FE8901B1}.Debug|Any CPU.ActiveCfg = Debug|Any CPU
		{5C57C69A-2A22-4AAF-B21F-01A2FE8901B1}.Debug|Any CPU.Build.0 = Debug|Any CPU
		{5C57C69A-2A22-4AAF-B21F-01A2FE8901B1}.Release|Any CPU.ActiveCfg = Release|Any CPU
		{5C57C69A-2A22-4AAF-B21F-01A2FE8901B1}.Release|Any CPU.Build.0 = Release|Any CPU
		{70DD32E3-2ED6-4320-B4DB-8CA1C3C3770D}.Debug|Any CPU.ActiveCfg = Debug|Any CPU
		{70DD32E3-2ED6-4320-B4DB-8CA1C3C3770D}.Debug|Any CPU.Build.0 = Debug|Any CPU
		{70DD32E3-2ED6-4320-B4DB-8CA1C3C3770D}.Release|Any CPU.ActiveCfg = Release|Any CPU
		{70DD32E3-2ED6-4320-B4DB-8CA1C3C3770D}.Release|Any CPU.Build.0 = Release|Any CPU
	EndGlobalSection
EndGlobal
